{
  "name": "raytracer",
  "version": "1.0.0",
  "lockfileVersion": 3,
  "requires": true,
  "packages": {
    "": {
      "name": "raytracer",
      "version": "1.0.0",
      "license": "MIT",
      "dependencies": {
        "xpixmap": "^0.0.3"
      }
    },
    "node_modules/xpixmap": {
      "version": "0.0.3",
      "resolved": "https://registry.npmjs.org/xpixmap/-/xpixmap-0.0.3.tgz",
      "integrity": "sha512-sedSlysHJP03zqmrmIPjZmaEScICHkVHSYYKarSB6WxGz4Co7cBy/qlqitAPUCSYlKFGXPrldeqv5XEKNw2tQA=="
    }
  }
}
